{
    "_readme": [
        "This file locks the dependencies of your project to a known state",
        "Read more about it at https://getcomposer.org/doc/01-basic-usage.md#installing-dependencies",
        "This file is @generated automatically"
    ],
    "content-hash": "a900cba1a8b7dfa1b0341ec0bddd7d1e",
    "packages": [
        {
            "name": "safronik/code-patterns",
            "version": "0.1.1",
            "source": {
                "type": "git",
                "url": "https://github.com/safronik/project-code-patterns.git",
                "reference": "3863a9926fba744e24854be3d701dc2a9b05684b"
            },
            "dist": {
                "type": "zip",
                "url": "https://api.github.com/repos/safronik/project-code-patterns/zipball/3863a9926fba744e24854be3d701dc2a9b05684b",
                "reference": "3863a9926fba744e24854be3d701dc2a9b05684b",
                "shasum": ""
            },
            "require": {
                "php": ">=8.2"
            },
            "type": "library",
            "autoload": {
                "psr-4": {
                    "Safronik\\CodePatterns\\": "src/"
                }
            },
            "notification-url": "https://packagist.org/downloads/",
            "license": [
                "MIT"
            ],
            "authors": [
                {
                    "name": "Roman Safronov",
                    "email": "r.safronik@yandex.ru",
                    "homepage": "https://github.com/Safronik/",
                    "role": "Developer"
                }
            ],
            "description": "Implementation of different code patterns mainly could be used as traits",
            "homepage": "https://github.com/Safronik/project-code-patterns",
            "keywords": [
                "code",
                "pattern",
                "template"
            ],
            "support": {
                "issues": "https://github.com/safronik/project-code-patterns/issues",
                "source": "https://github.com/safronik/project-code-patterns/tree/0.1.1"
            },
            "time": "2024-04-19T05:44:30+00:00"
        },
        {
            "name": "safronik/db-migrator",
            "version": "dev-master",
            "source": {
                "type": "git",
                "url": "https://github.com/safronik/project-db-migrator.git",
                "reference": "7e237268ec319752e520fae971f3c55c420eb19b"
            },
            "dist": {
                "type": "zip",
                "url": "https://api.github.com/repos/safronik/project-db-migrator/zipball/7e237268ec319752e520fae971f3c55c420eb19b",
                "reference": "7e237268ec319752e520fae971f3c55c420eb19b",
                "shasum": ""
            },
            "require": {
                "php": ">=8.0"
            },
            "default-branch": true,
            "type": "library",
            "autoload": {
                "psr-4": {
                    "Safronik\\DBMigrator\\": "src/"
                }
            },
            "notification-url": "https://packagist.org/downloads/",
            "license": [
                "MIT"
            ],
            "authors": [
                {
                    "name": "Roman Safronov",
                    "email": "r.safronik@yandex.ru",
                    "homepage": "https://github.com/Safronik/",
                    "role": "Developer"
                }
            ],
            "description": "Check current database structure",
            "homepage": "https://github.com/Safronik/project-db-migrator",
            "keywords": [
                "database",
                "migration",
                "schema"
            ],
            "support": {
                "issues": "https://github.com/safronik/project-db-migrator/issues",
                "source": "https://github.com/safronik/project-db-migrator/tree/master"
            },
            "time": "2024-04-25T18:51:03+00:00"
        },
        {
            "name": "safronik/db-wrapper",
            "version": "dev-master",
            "source": {
                "type": "git",
                "url": "https://github.com/safronik/project-db-wrapper.git",
                "reference": "6c20283074827e60c90c82e6a3278374a04fdc9f"
            },
            "dist": {
                "type": "zip",
                "url": "https://api.github.com/repos/safronik/project-db-wrapper/zipball/6c20283074827e60c90c82e6a3278374a04fdc9f",
                "reference": "6c20283074827e60c90c82e6a3278374a04fdc9f",
                "shasum": ""
            },
            "require": {
                "php": ">=8.0",
                "safronik/code-patterns": "^0.1.0"
            },
            "require-dev": {
                "codeception/codeception": "^5.1",
                "codeception/module-asserts": "*",
                "codeception/module-phpbrowser": "*",
                "codeception/verify": "^3.2"
            },
            "default-branch": true,
            "type": "library",
            "autoload": {
                "psr-4": {
                    "Safronik\\DB\\": "src/"
                }
            },
            "notification-url": "https://packagist.org/downloads/",
            "license": [
                "MIT"
            ],
            "authors": [
                {
                    "name": "Roman Safronov",
                    "email": "r.safronik@yandex.ru",
                    "homepage": "https://github.com/Safronik/",
                    "role": "Developer"
                }
            ],
            "description": "Wrapper for different relation databases drivers such as PDO, Mysqli, WPDB, Drupal, and any other",
            "homepage": "https://github.com/Safronik/project-db-wrapper",
            "keywords": [
                "database",
                "migration",
                "schema"
            ],
            "support": {
                "issues": "https://github.com/safronik/project-db-wrapper/issues",
                "source": "https://github.com/safronik/project-db-wrapper/tree/0.1.1"
            },
            "time": "2024-07-23T03:17:40+00:00"
        },
        {
            "name": "safronik/globals",
            "version": "dev-master",
            "source": {
                "type": "git",
                "url": "https://github.com/safronik/project-globals.git",
                "reference": "bf74881bd932d84b3a829eba30455327552b6966"
            },
            "dist": {
                "type": "zip",
                "url": "https://api.github.com/repos/safronik/project-globals/zipball/bf74881bd932d84b3a829eba30455327552b6966",
                "reference": "bf74881bd932d84b3a829eba30455327552b6966",
                "shasum": ""
            },
            "require": {
                "php": ">=8.2",
                "safronik/code-patterns": "^0.1.0"
            },
            "default-branch": true,
            "type": "library",
            "autoload": {
                "psr-4": {
                    "Safronik\\Globals\\": "src/"
                }
            },
            "notification-url": "https://packagist.org/downloads/",
            "license": [
                "MIT"
            ],
            "authors": [
                {
                    "name": "Roman Safronov",
                    "email": "r.safronik@yandex.ru",
                    "homepage": "https://github.com/Safronik/",
                    "role": "Developer"
                }
            ],
            "description": "Helper to receive global variables",
            "homepage": "https://github.com/Safronik/project-globals",
            "keywords": [
                "cookie",
                "get",
                "globals",
                "post",
                "request",
                "server"
            ],
            "support": {
                "issues": "https://github.com/safronik/project-globals/issues",
                "source": "https://github.com/safronik/project-globals/tree/0.1.1"
            },
            "time": "2024-07-22T06:26:53+00:00"
        }
    ],
    "packages-dev": [],
    "aliases": [],
    "minimum-stability": "dev",
    "stability-flags": {
        "safronik/db-wrapper": 20,
        "safronik/globals": 20,
        "safronik/db-migrator": 20
    },
    "prefer-stable": false,
    "prefer-lowest": false,
    "platform": [],
    "platform-dev": [],
    "plugin-api-version": "2.6.0"
}
